
Microsoft Visual Studio Solution File, Format Version 12.00
# Visual Studio Version 17
VisualStudioVersion = 17.11.35327.3
MinimumVisualStudioVersion = 10.0.40219.1
Project("{FAE04EC0-301F-11D3-BF4B-00C04F79EFBC}") = "Digital_clock", "Digital_clock\Digital_clock.csproj", "{1D93C2AA-50D8-40DF-9744-E3B31DF94BB2}"
EndProject
Global
	GlobalSection(SolutionConfigurationPlatforms) = preSolution
		Debug|Any CPU = Debug|Any CPU
		Release|Any CPU = Release|Any CPU
	EndGlobalSection
	GlobalSection(ProjectConfigurationPlatforms) = postSolution
		{1D93C2AA-50D8-40DF-9744-E3B31DF94BB2}.Debug|Any CPU.ActiveCfg = Debug|Any CPU
		{1D93C2AA-50D8-40DF-9744-E3B31DF94BB2}.Debug|Any CPU.Build.0 = Debug|Any CPU
		{1D93C2AA-50D8-40DF-9744-E3B31DF94BB2}.Release|Any CPU.ActiveCfg = Release|Any CPU
		{1D93C2AA-50D8-40DF-9744-E3B31DF94BB2}.Release|Any CPU.Build.0 = Release|Any CPU
	EndGlobalSection
	GlobalSection(SolutionProperties) = preSolution
		HideSolutionNode = FALSE
	EndGlobalSection
	GlobalSection(ExtensibilityGlobals) = postSolution
		SolutionGuid = {4D526823-E593-4248-A193-328D91AD198E}
	EndGlobalSection
EndGlobal
